
Microsoft Visual Studio Solution File, Format Version 12.00
# Visual Studio Version 17
VisualStudioVersion = 17.2.32210.308
MinimumVisualStudioVersion = 10.0.40219.1
Project("{9A19103F-16F7-4668-BE54-9A1E7A4F7556}") = "TrailsHelper", "TrailsHelper\TrailsHelper.csproj", "{B073DD5C-9442-46D9-99D2-69CB2D95EDE3}"
EndProject
Global
	GlobalSection(SolutionConfigurationPlatforms) = preSolution
		Debug|Any CPU = Debug|Any CPU
		Release|Any CPU = Release|Any CPU
	EndGlobalSection
	GlobalSection(ProjectConfigurationPlatforms) = postSolution
		{B073DD5C-9442-46D9-99D2-69CB2D95EDE3}.Debug|Any CPU.ActiveCfg = Debug|Any CPU
		{B073DD5C-9442-46D9-99D2-69CB2D95EDE3}.Debug|Any CPU.Build.0 = Debug|Any CPU
		{B073DD5C-9442-46D9-99D2-69CB2D95EDE3}.Release|Any CPU.ActiveCfg = Release|Any CPU
		{B073DD5C-9442-46D9-99D2-69CB2D95EDE3}.Release|Any CPU.Build.0 = Release|Any CPU
	EndGlobalSection
	GlobalSection(SolutionProperties) = preSolution
		HideSolutionNode = FALSE
	EndGlobalSection
	GlobalSection(ExtensibilityGlobals) = postSolution
		SolutionGuid = {009DCDC0-0268-4029-B682-7E016251764C}
	EndGlobalSection
EndGlobal
